// !$*UTF8*$!
{
	archiveVersion = 1;
	classes = {
	};
	objectVersion = 50;
	objects = {

/* Begin PBXBuildFile section */
		4D98B2FA21D20B98004AEA8A /* AppDelegate.m in Sources */ = {isa = PBXBuildFile; fileRef = 4D98B2F921D20B98004AEA8A /* AppDelegate.m */; };
		4D98B2FD21D20B98004AEA8A /* ZFViewController.m in Sources */ = {isa = PBXBuildFile; fileRef = 4D98B2FC21D20B98004AEA8A /* ZFViewController.m */; };
		4D98B30021D20B98004AEA8A /* Main.storyboard in Resources */ = {isa = PBXBuildFile; fileRef = 4D98B2FE21D20B98004AEA8A /* Main.storyboard */; };
		4D98B30221D20B9A004AEA8A /* Assets.xcassets in Resources */ = {isa = PBXBuildFile; fileRef = 4D98B30121D20B9A004AEA8A /* Assets.xcassets */; };
		4D98B30521D20B9A004AEA8A /* LaunchScreen.storyboard in Resources */ = {isa = PBXBuildFile; fileRef = 4D98B30321D20B9A004AEA8A /* LaunchScreen.storyboard */; };
		4D98B30821D20B9A004AEA8A /* main.m in Sources */ = {isa = PBXBuildFile; fileRef = 4D98B30721D20B9A004AEA8A /* main.m */; };
		4D98B31221D20B9A004AEA8A /* OpenGL_ES_002_GLSLTests.m in Sources */ = {isa = PBXBuildFile; fileRef = 4D98B31121D20B9A004AEA8A /* OpenGL_ES_002_GLSLTests.m */; };
		4D98B31D21D20B9A004AEA8A /* OpenGL_ES_002_GLSLUITests.m in Sources */ = {isa = PBXBuildFile; fileRef = 4D98B31C21D20B9A004AEA8A /* OpenGL_ES_002_GLSLUITests.m */; };
		4D98B32C21D20BC5004AEA8A /* ZFView.m in Sources */ = {isa = PBXBuildFile; fileRef = 4D98B32B21D20BC5004AEA8A /* ZFView.m */; };
		4D98B32E21D2121B004AEA8A /* shaderv.vsh in Resources */ = {isa = PBXBuildFile; fileRef = 4D98B32D21D2121B004AEA8A /* shaderv.vsh */; };
		4D98B33021D2122C004AEA8A /* shaderf.fsh in Resources */ = {isa = PBXBuildFile; fileRef = 4D98B32F21D2122C004AEA8A /* shaderf.fsh */; };
		4DEA7DC721D49967009B6850 /* test.jpg in Resources */ = {isa = PBXBuildFile; fileRef = 4DEA7DC621D49967009B6850 /* test.jpg */; };
		B6CCC535999507FB6834F5E2 /* libPods-OpenGL-ES-002-GLSL.a in Frameworks */ = {isa = PBXBuildFile; fileRef = E97D7DCA06004BDEB6E5D4E0 /* libPods-OpenGL-ES-002-GLSL.a */; };
/* End PBXBuildFile section */

/* Begin PBXContainerItemProxy section */
		4D98B30E21D20B9A004AEA8A /* PBXContainerItemProxy */ = {
			isa = PBXContainerItemProxy;
			containerPortal = 4D98B2ED21D20B98004AEA8A /* Project object */;
			proxyType = 1;
			remoteGlobalIDString = 4D98B2F421D20B98004AEA8A;
			remoteInfo = "OpenGL-ES-002-GLSL";
		};
		4D98B31921D20B9A004AEA8A /* PBXContainerItemProxy */ = {
			isa = PBXContainerItemProxy;
			containerPortal = 4D98B2ED21D20B98004AEA8A /* Project object */;
			proxyType = 1;
			remoteGlobalIDString = 4D98B2F421D20B98004AEA8A;
			remoteInfo = "OpenGL-ES-002-GLSL";
		};
/* End PBXContainerItemProxy section */

/* Begin PBXFileReference section */
		037CB296F9E36E1F486A97E8 /* Pods-OpenGL-ES-002-GLSL.release.xcconfig */ = {isa = PBXFileReference; includeInIndex = 1; lastKnownFileType = text.xcconfig; name = "Pods-OpenGL-ES-002-GLSL.release.xcconfig"; path = "Pods/Target Support Files/Pods-OpenGL-ES-002-GLSL/Pods-OpenGL-ES-002-GLSL.release.xcconfig"; sourceTree = "<group>"; };
		4D98B2F521D20B98004AEA8A /* OpenGL-ES-002-GLSL.app */ = {isa = PBXFileReference; explicitFileType = wrapper.application; includeInIndex = 0; path = "OpenGL-ES-002-GLSL.app"; sourceTree = BUILT_PRODUCTS_DIR; };
		4D98B2F821D20B98004AEA8A /* AppDelegate.h */ = {isa = PBXFileReference; lastKnownFileType = sourcecode.c.h; path = AppDelegate.h; sourceTree = "<group>"; };
		4D98B2F921D20B98004AEA8A /* AppDelegate.m */ = {isa = PBXFileReference; lastKnownFileType = sourcecode.c.objc; path = AppDelegate.m; sourceTree = "<group>"; };
		4D98B2FB21D20B98004AEA8A /* ZFViewController.h */ = {isa = PBXFileReference; lastKnownFileType = sourcecode.c.h; path = ZFViewController.h; sourceTree = "<group>"; };
		4D98B2FC21D20B98004AEA8A /* ZFViewController.m */ = {isa = PBXFileReference; lastKnownFileType = sourcecode.c.objc; path = ZFViewController.m; sourceTree = "<group>"; };
		4D98B2FF21D20B98004AEA8A /* Base */ = {isa = PBXFileReference; lastKnownFileType = file.storyboard; name = Base; path = Base.lproj/Main.storyboard; sourceTree = "<group>"; };
		4D98B30121D20B9A004AEA8A /* Assets.xcassets */ = {isa = PBXFileReference; lastKnownFileType = folder.assetcatalog; path = Assets.xcassets; sourceTree = "<group>"; };
		4D98B30421D20B9A004AEA8A /* Base */ = {isa = PBXFileReference; lastKnownFileType = file.storyboard; name = Base; path = Base.lproj/LaunchScreen.storyboard; sourceTree = "<group>"; };
		4D98B30621D20B9A004AEA8A /* Info.plist */ = {isa = PBXFileReference; lastKnownFileType = text.plist.xml; path = Info.plist; sourceTree = "<group>"; };
		4D98B30721D20B9A004AEA8A /* main.m */ = {isa = PBXFileReference; lastKnownFileType = sourcecode.c.objc; path = main.m; sourceTree = "<group>"; };
		4D98B30D21D20B9A004AEA8A /* OpenGL-ES-002-GLSLTests.xctest */ = {isa = PBXFileReference; explicitFileType = wrapper.cfbundle; includeInIndex = 0; path = "OpenGL-ES-002-GLSLTests.xctest"; sourceTree = BUILT_PRODUCTS_DIR; };
		4D98B31121D20B9A004AEA8A /* OpenGL_ES_002_GLSLTests.m */ = {isa = PBXFileReference; lastKnownFileType = sourcecode.c.objc; path = OpenGL_ES_002_GLSLTests.m; sourceTree = "<group>"; };
		4D98B31321D20B9A004AEA8A /* Info.plist */ = {isa = PBXFileReference; lastKnownFileType = text.plist.xml; path = Info.plist; sourceTree = "<group>"; };
		4D98B31821D20B9A004AEA8A /* OpenGL-ES-002-GLSLUITests.xctest */ = {isa = PBXFileReference; explicitFileType = wrapper.cfbundle; includeInIndex = 0; path = "OpenGL-ES-002-GLSLUITests.xctest"; sourceTree = BUILT_PRODUCTS_DIR; };
		4D98B31C21D20B9A004AEA8A /* OpenGL_ES_002_GLSLUITests.m */ = {isa = PBXFileReference; lastKnownFileType = sourcecode.c.objc; path = OpenGL_ES_002_GLSLUITests.m; sourceTree = "<group>"; };
		4D98B31E21D20B9A004AEA8A /* Info.plist */ = {isa = PBXFileReference; lastKnownFileType = text.plist.xml; path = Info.plist; sourceTree = "<group>"; };
		4D98B32A21D20BC5004AEA8A /* ZFView.h */ = {isa = PBXFileReference; lastKnownFileType = sourcecode.c.h; path = ZFView.h; sourceTree = "<group>"; };
		4D98B32B21D20BC5004AEA8A /* ZFView.m */ = {isa = PBXFileReference; lastKnownFileType = sourcecode.c.objc; path = ZFView.m; sourceTree = "<group>"; };
		4D98B32D21D2121B004AEA8A /* shaderv.vsh */ = {isa = PBXFileReference; lastKnownFileType = sourcecode.glsl; path = shaderv.vsh; sourceTree = "<group>"; };
		4D98B32F21D2122C004AEA8A /* shaderf.fsh */ = {isa = PBXFileReference; lastKnownFileType = sourcecode.glsl; path = shaderf.fsh; sourceTree = "<group>"; };
		4DEA7DC621D49967009B6850 /* test.jpg */ = {isa = PBXFileReference; lastKnownFileType = image.jpeg; path = test.jpg; sourceTree = "<group>"; };
		93DF2CCB05E3F1489A730F24 /* Pods-OpenGL-ES-002-GLSL.debug.xcconfig */ = {isa = PBXFileReference; includeInIndex = 1; lastKnownFileType = text.xcconfig; name = "Pods-OpenGL-ES-002-GLSL.debug.xcconfig"; path = "Pods/Target Support Files/Pods-OpenGL-ES-002-GLSL/Pods-OpenGL-ES-002-GLSL.debug.xcconfig"; sourceTree = "<group>"; };
		E97D7DCA06004BDEB6E5D4E0 /* libPods-OpenGL-ES-002-GLSL.a */ = {isa = PBXFileReference; explicitFileType = archive.ar; includeInIndex = 0; path = "libPods-OpenGL-ES-002-GLSL.a"; sourceTree = BUILT_PRODUCTS_DIR; };
/* End PBXFileReference section */

/* Begin PBXFrameworksBuildPhase section */
		4D98B2F221D20B98004AEA8A /* Frameworks */ = {
			isa = PBXFrameworksBuildPhase;
			buildActionMask = 2147483647;
			files = (
				B6CCC535999507FB6834F5E2 /* libPods-OpenGL-ES-002-GLSL.a in Frameworks */,
			);
			runOnlyForDeploymentPostprocessing = 0;
		};
		4D98B30A21D20B9A004AEA8A /* Frameworks */ = {
			isa = PBXFrameworksBuildPhase;
			buildActionMask = 2147483647;
			files = (
			);
			runOnlyForDeploymentPostprocessing = 0;
		};
		4D98B31521D20B9A004AEA8A /* Frameworks */ = {
			isa = PBXFrameworksBuildPhase;
			buildActionMask = 2147483647;
			files = (
			);
			runOnlyForDeploymentPostprocessing = 0;
		};
/* End PBXFrameworksBuildPhase section */

/* Begin PBXGroup section */
		4D98B2EC21D20B98004AEA8A = {
			isa = PBXGroup;
			children = (
				4D98B2F721D20B98004AEA8A /* OpenGL-ES-002-GLSL */,
				4D98B31021D20B9A004AEA8A /* OpenGL-ES-002-GLSLTests */,
				4D98B31B21D20B9A004AEA8A /* OpenGL-ES-002-GLSLUITests */,
				4D98B2F621D20B98004AEA8A /* Products */,
				A8D8415B4389DB4ED0F9CF91 /* Pods */,
				CB4BCD34881C02614A1EB322 /* Frameworks */,
			);
			sourceTree = "<group>";
		};
		4D98B2F621D20B98004AEA8A /* Products */ = {
			isa = PBXGroup;
			children = (
				4D98B2F521D20B98004AEA8A /* OpenGL-ES-002-GLSL.app */,
				4D98B30D21D20B9A004AEA8A /* OpenGL-ES-002-GLSLTests.xctest */,
				4D98B31821D20B9A004AEA8A /* OpenGL-ES-002-GLSLUITests.xctest */,
			);
			name = Products;
			sourceTree = "<group>";
		};
		4D98B2F721D20B98004AEA8A /* OpenGL-ES-002-GLSL */ = {
			isa = PBXGroup;
			children = (
				4DEA7DC621D49967009B6850 /* test.jpg */,
				4D98B2F821D20B98004AEA8A /* AppDelegate.h */,
				4D98B2F921D20B98004AEA8A /* AppDelegate.m */,
				4D98B2FB21D20B98004AEA8A /* ZFViewController.h */,
				4D98B2FC21D20B98004AEA8A /* ZFViewController.m */,
				4D98B2FE21D20B98004AEA8A /* Main.storyboard */,
				4D98B30121D20B9A004AEA8A /* Assets.xcassets */,
				4D98B30321D20B9A004AEA8A /* LaunchScreen.storyboard */,
				4D98B30621D20B9A004AEA8A /* Info.plist */,
				4D98B30721D20B9A004AEA8A /* main.m */,
				4D98B32A21D20BC5004AEA8A /* ZFView.h */,
				4D98B32B21D20BC5004AEA8A /* ZFView.m */,
				4D98B32D21D2121B004AEA8A /* shaderv.vsh */,
				4D98B32F21D2122C004AEA8A /* shaderf.fsh */,
			);
			path = "OpenGL-ES-002-GLSL";
			sourceTree = "<group>";
		};
		4D98B31021D20B9A004AEA8A /* OpenGL-ES-002-GLSLTests */ = {
			isa = PBXGroup;
			children = (
				4D98B31121D20B9A004AEA8A /* OpenGL_ES_002_GLSLTests.m */,
				4D98B31321D20B9A004AEA8A /* Info.plist */,
			);
			path = "OpenGL-ES-002-GLSLTests";
			sourceTree = "<group>";
		};
		4D98B31B21D20B9A004AEA8A /* OpenGL-ES-002-GLSLUITests */ = {
			isa = PBXGroup;
			children = (
				4D98B31C21D20B9A004AEA8A /* OpenGL_ES_002_GLSLUITests.m */,
				4D98B31E21D20B9A004AEA8A /* Info.plist */,
			);
			path = "OpenGL-ES-002-GLSLUITests";
			sourceTree = "<group>";
		};
		A8D8415B4389DB4ED0F9CF91 /* Pods */ = {
			isa = PBXGroup;
			children = (
				93DF2CCB05E3F1489A730F24 /* Pods-OpenGL-ES-002-GLSL.debug.xcconfig */,
				037CB296F9E36E1F486A97E8 /* Pods-OpenGL-ES-002-GLSL.release.xcconfig */,
			);
			name = Pods;
			sourceTree = "<group>";
		};
		CB4BCD34881C02614A1EB322 /* Frameworks */ = {
			isa = PBXGroup;
			children = (
				E97D7DCA06004BDEB6E5D4E0 /* libPods-OpenGL-ES-002-GLSL.a */,
			);
			name = Frameworks;
			sourceTree = "<group>";
		};
/* End PBXGroup section */

/* Begin PBXNativeTarget section */
		4D98B2F421D20B98004AEA8A /* OpenGL-ES-002-GLSL */ = {
			isa = PBXNativeTarget;
			buildConfigurationList = 4D98B32121D20B9A004AEA8A /* Build configuration list for PBXNativeTarget "OpenGL-ES-002-GLSL" */;
			buildPhases = (
				FCBDBBBD7666314EC728BEC5 /* [CP] Check Pods Manifest.lock */,
				4D98B2F121D20B98004AEA8A /* Sources */,
				4D98B2F221D20B98004AEA8A /* Frameworks */,
				4D98B2F321D20B98004AEA8A /* Resources */,
			);
			buildRules = (
			);
			dependencies = (
			);
			name = "OpenGL-ES-002-GLSL";
			productName = "OpenGL-ES-002-GLSL";
			productReference = 4D98B2F521D20B98004AEA8A /* OpenGL-ES-002-GLSL.app */;
			productType = "com.apple.product-type.application";
		};
		4D98B30C21D20B9A004AEA8A /* OpenGL-ES-002-GLSLTests */ = {
			isa = PBXNativeTarget;
			buildConfigurationList = 4D98B32421D20B9A004AEA8A /* Build configuration list for PBXNativeTarget "OpenGL-ES-002-GLSLTests" */;
			buildPhases = (
				4D98B30921D20B9A004AEA8A /* Sources */,
				4D98B30A21D20B9A004AEA8A /* Frameworks */,
				4D98B30B21D20B9A004AEA8A /* Resources */,
			);
			buildRules = (
			);
			dependencies = (
				4D98B30F21D20B9A004AEA8A /* PBXTargetDependency */,
			);
			name = "OpenGL-ES-002-GLSLTests";
			productName = "OpenGL-ES-002-GLSLTests";
			productReference = 4D98B30D21D20B9A004AEA8A /* OpenGL-ES-002-GLSLTests.xctest */;
			productType = "com.apple.product-type.bundle.unit-test";
		};
		4D98B31721D20B9A004AEA8A /* OpenGL-ES-002-GLSLUITests */ = {
			isa = PBXNativeTarget;
			buildConfigurationList = 4D98B32721D20B9A004AEA8A /* Build configuration list for PBXNativeTarget "OpenGL-ES-002-GLSLUITests" */;
			buildPhases = (
				4D98B31421D20B9A004AEA8A /* Sources */,
				4D98B31521D20B9A004AEA8A /* Frameworks */,
				4D98B31621D20B9A004AEA8A /* Resources */,
			);
			buildRules = (
			);
			dependencies = (
				4D98B31A21D20B9A004AEA8A /* PBXTargetDependency */,
			);
			name = "OpenGL-ES-002-GLSLUITests";
			productName = "OpenGL-ES-002-GLSLUITests";
			productReference = 4D98B31821D20B9A004AEA8A /* OpenGL-ES-002-GLSLUITests.xctest */;
			productType = "com.apple.product-type.bundle.ui-testing";
		};
/* End PBXNativeTarget section */

/* Begin PBXProject section */
		4D98B2ED21D20B98004AEA8A /* Project object */ = {
			isa = PBXProject;
			attributes = {
				LastUpgradeCheck = 1010;
				TargetAttributes = {
					4D98B2F421D20B98004AEA8A = {
						CreatedOnToolsVersion = 10.1;
					};
					4D98B30C21D20B9A004AEA8A = {
						CreatedOnToolsVersion = 10.1;
						TestTargetID = 4D98B2F421D20B98004AEA8A;
					};
					4D98B31721D20B9A004AEA8A = {
						CreatedOnToolsVersion = 10.1;
						TestTargetID = 4D98B2F421D20B98004AEA8A;
					};
				};
			};
			buildConfigurationList = 4D98B2F021D20B98004AEA8A /* Build configuration list for PBXProject "OpenGL-ES-002-GLSL" */;
			compatibilityVersion = "Xcode 9.3";
			developmentRegion = en;
			hasScannedForEncodings = 0;
			knownRegions = (
				en,
				Base,
			);
			mainGroup = 4D98B2EC21D20B98004AEA8A;
			productRefGroup = 4D98B2F621D20B98004AEA8A /* Products */;
			projectDirPath = "";
			projectRoot = "";
			targets = (
				4D98B2F421D20B98004AEA8A /* OpenGL-ES-002-GLSL */,
				4D98B30C21D20B9A004AEA8A /* OpenGL-ES-002-GLSLTests */,
				4D98B31721D20B9A004AEA8A /* OpenGL-ES-002-GLSLUITests */,
			);
		};
/* End PBXProject section */

/* Begin PBXResourcesBuildPhase section */
		4D98B2F321D20B98004AEA8A /* Resources */ = {
			isa = PBXResourcesBuildPhase;
			buildActionMask = 2147483647;
			files = (
				4D98B33021D2122C004AEA8A /* shaderf.fsh in Resources */,
				4DEA7DC721D49967009B6850 /* test.jpg in Resources */,
				4D98B30521D20B9A004AEA8A /* LaunchScreen.storyboard in Resources */,
				4D98B30221D20B9A004AEA8A /* Assets.xcassets in Resources */,
				4D98B30021D20B98004AEA8A /* Main.storyboard in Resources */,
				4D98B32E21D2121B004AEA8A /* shaderv.vsh in Resources */,
			);
			runOnlyForDeploymentPostprocessing = 0;
		};
		4D98B30B21D20B9A004AEA8A /* Resources */ = {
			isa = PBXResourcesBuildPhase;
			buildActionMask = 2147483647;
			files = (
			);
			runOnlyForDeploymentPostprocessing = 0;
		};
		4D98B31621D20B9A004AEA8A /* Resources */ = {
			isa = PBXResourcesBuildPhase;
			buildActionMask = 2147483647;
			files = (
			);
			runOnlyForDeploymentPostprocessing = 0;
		};
/* End PBXResourcesBuildPhase section */

/* Begin PBXShellScriptBuildPhase section */
		FCBDBBBD7666314EC728BEC5 /* [CP] Check Pods Manifest.lock */ = {
			isa = PBXShellScriptBuildPhase;
			buildActionMask = 2147483647;
			files = (
			);
			inputFileListPaths = (
			);
			inputPaths = (
				"${PODS_PODFILE_DIR_PATH}/Podfile.lock",
				"${PODS_ROOT}/Manifest.lock",
			);
			name = "[CP] Check Pods Manifest.lock";
			outputFileListPaths = (
			);
			outputPaths = (
				"$(DERIVED_FILE_DIR)/Pods-OpenGL-ES-002-GLSL-checkManifestLockResult.txt",
			);
			runOnlyForDeploymentPostprocessing = 0;
			shellPath = /bin/sh;
			shellScript = "diff \"${PODS_PODFILE_DIR_PATH}/Podfile.lock\" \"${PODS_ROOT}/Manifest.lock\" > /dev/null\nif [ $? != 0 ] ; then\n    # print error to STDERR\n    echo \"error: The sandbox is not in sync with the Podfile.lock. Run 'pod install' or update your CocoaPods installation.\" >&2\n    exit 1\nfi\n# This output is used by Xcode 'outputs' to avoid re-running this script phase.\necho \"SUCCESS\" > \"${SCRIPT_OUTPUT_FILE_0}\"\n";
			showEnvVarsInLog = 0;
		};
/* End PBXShellScriptBuildPhase section */

/* Begin PBXSourcesBuildPhase section */
		4D98B2F121D20B98004AEA8A /* Sources */ = {
			isa = PBXSourcesBuildPhase;
			buildActionMask = 2147483647;
			files = (
				4D98B2FD21D20B98004AEA8A /* ZFViewController.m in Sources */,
				4D98B30821D20B9A004AEA8A /* main.m in Sources */,
				4D98B32C21D20BC5004AEA8A /* ZFView.m in Sources */,
				4D98B2FA21D20B98004AEA8A /* AppDelegate.m in Sources */,
			);
			runOnlyForDeploymentPostprocessing = 0;
		};
		4D98B30921D20B9A004AEA8A /* Sources */ = {
			isa = PBXSourcesBuildPhase;
			buildActionMask = 2147483647;
			files = (
				4D98B31221D20B9A004AEA8A /* OpenGL_ES_002_GLSLTests.m in Sources */,
			);
			runOnlyForDeploymentPostprocessing = 0;
		};
		4D98B31421D20B9A004AEA8A /* Sources */ = {
			isa = PBXSourcesBuildPhase;
			buildActionMask = 2147483647;
			files = (
				4D98B31D21D20B9A004AEA8A /* OpenGL_ES_002_GLSLUITests.m in Sources */,
			);
			runOnlyForDeploymentPostprocessing = 0;
		};
/* End PBXSourcesBuildPhase section */

/* Begin PBXTargetDependency section */
		4D98B30F21D20B9A004AEA8A /* PBXTargetDependency */ = {
			isa = PBXTargetDependency;
			target = 4D98B2F421D20B98004AEA8A /* OpenGL-ES-002-GLSL */;
			targetProxy = 4D98B30E21D20B9A004AEA8A /* PBXContainerItemProxy */;
		};
		4D98B31A21D20B9A004AEA8A /* PBXTargetDependency */ = {
			isa = PBXTargetDependency;
			target = 4D98B2F421D20B98004AEA8A /* OpenGL-ES-002-GLSL */;
			targetProxy = 4D98B31921D20B9A004AEA8A /* PBXContainerItemProxy */;
		};
/* End PBXTargetDependency section */

/* Begin PBXVariantGroup section */
		4D98B2FE21D20B98004AEA8A /* Main.storyboard */ = {
			isa = PBXVariantGroup;
			children = (
				4D98B2FF21D20B98004AEA8A /* Base */,
			);
			name = Main.storyboard;
			sourceTree = "<group>";
		};
		4D98B30321D20B9A004AEA8A /* LaunchScreen.storyboard */ = {
			isa = PBXVariantGroup;
			children = (
				4D98B30421D20B9A004AEA8A /* Base */,
			);
			name = LaunchScreen.storyboard;
			sourceTree = "<group>";
		};
/* End PBXVariantGroup section */

/* Begin XCBuildConfiguration section */
		4D98B31F21D20B9A004AEA8A /* Debug */ = {
			isa = XCBuildConfiguration;
			buildSettings = {
				ALWAYS_SEARCH_USER_PATHS = NO;
				CLANG_ANALYZER_NONNULL = YES;
				CLANG_ANALYZER_NUMBER_OBJECT_CONVERSION = YES_AGGRESSIVE;
				CLANG_CXX_LANGUAGE_STANDARD = "gnu++14";
				CLANG_CXX_LIBRARY = "libc++";
				CLANG_ENABLE_MODULES = YES;
				CLANG_ENABLE_OBJC_ARC = YES;
				CLANG_ENABLE_OBJC_WEAK = YES;
				CLANG_WARN_BLOCK_CAPTURE_AUTORELEASING = YES;
				CLANG_WARN_BOOL_CONVERSION = YES;
				CLANG_WARN_COMMA = YES;
				CLANG_WARN_CONSTANT_CONVERSION = YES;
				CLANG_WARN_DEPRECATED_OBJC_IMPLEMENTATIONS = YES;
				CLANG_WARN_DIRECT_OBJC_ISA_USAGE = YES_ERROR;
				CLANG_WARN_DOCUMENTATION_COMMENTS = YES;
				CLANG_WARN_EMPTY_BODY = YES;
				CLANG_WARN_ENUM_CONVERSION = YES;
				CLANG_WARN_INFINITE_RECURSION = YES;
				CLANG_WARN_INT_CONVERSION = YES;
				CLANG_WARN_NON_LITERAL_NULL_CONVERSION = YES;
				CLANG_WARN_OBJC_IMPLICIT_RETAIN_SELF = YES;
				CLANG_WARN_OBJC_LITERAL_CONVERSION = YES;
				CLANG_WARN_OBJC_ROOT_CLASS = YES_ERROR;
				CLANG_WARN_RANGE_LOOP_ANALYSIS = YES;
				CLANG_WARN_STRICT_PROTOTYPES = YES;
				CLANG_WARN_SUSPICIOUS_MOVE = YES;
				CLANG_WARN_UNGUARDED_AVAILABILITY = YES_AGGRESSIVE;
				CLANG_WARN_UNREACHABLE_CODE = YES;
				CLANG_WARN__DUPLICATE_METHOD_MATCH = YES;
				CODE_SIGN_IDENTITY = "iPhone Developer";
				COPY_PHASE_STRIP = NO;
				DEBUG_INFORMATION_FORMAT = dwarf;
				ENABLE_STRICT_OBJC_MSGSEND = YES;
				ENABLE_TESTABILITY = YES;
				GCC_C_LANGUAGE_STANDARD = gnu11;
				GCC_DYNAMIC_NO_PIC = NO;
				GCC_NO_COMMON_BLOCKS = YES;
				GCC_OPTIMIZATION_LEVEL = 0;
				GCC_PREPROCESSOR_DEFINITIONS = (
					"DEBUG=1",
					"$(inherited)",
				);
				GCC_WARN_64_TO_32_BIT_CONVERSION = YES;
				GCC_WARN_ABOUT_RETURN_TYPE = YES_ERROR;
				GCC_WARN_UNDECLARED_SELECTOR = YES;
				GCC_WARN_UNINITIALIZED_AUTOS = YES_AGGRESSIVE;
				GCC_WARN_UNUSED_FUNCTION = YES;
				GCC_WARN_UNUSED_VARIABLE = YES;
				IPHONEOS_DEPLOYMENT_TARGET = 12.1;
				MTL_ENABLE_DEBUG_INFO = INCLUDE_SOURCE;
				MTL_FAST_MATH = YES;
				ONLY_ACTIVE_ARCH = YES;
				SDKROOT = iphoneos;
			};
			name = Debug;
		};
		4D98B32021D20B9A004AEA8A /* Release */ = {
			isa = XCBuildConfiguration;
			buildSettings = {
				ALWAYS_SEARCH_USER_PATHS = NO;
				CLANG_ANALYZER_NONNULL = YES;
				CLANG_ANALYZER_NUMBER_OBJECT_CONVERSION = YES_AGGRESSIVE;
				CLANG_CXX_LANGUAGE_STANDARD = "gnu++14";
				CLANG_CXX_LIBRARY = "libc++";
				CLANG_ENABLE_MODULES = YES;
				CLANG_ENABLE_OBJC_ARC = YES;
				CLANG_ENABLE_OBJC_WEAK = YES;
				CLANG_WARN_BLOCK_CAPTURE_AUTORELEASING = YES;
				CLANG_WARN_BOOL_CONVERSION = YES;
				CLANG_WARN_COMMA = YES;
				CLANG_WARN_CONSTANT_CONVERSION = YES;
				CLANG_WARN_DEPRECATED_OBJC_IMPLEMENTATIONS = YES;
				CLANG_WARN_DIRECT_OBJC_ISA_USAGE = YES_ERROR;
				CLANG_WARN_DOCUMENTATION_COMMENTS = YES;
				CLANG_WARN_EMPTY_BODY = YES;
				CLANG_WARN_ENUM_CONVERSION = YES;
				CLANG_WARN_INFINITE_RECURSION = YES;
				CLANG_WARN_INT_CONVERSION = YES;
				CLANG_WARN_NON_LITERAL_NULL_CONVERSION = YES;
				CLANG_WARN_OBJC_IMPLICIT_RETAIN_SELF = YES;
				CLANG_WARN_OBJC_LITERAL_CONVERSION = YES;
				CLANG_WARN_OBJC_ROOT_CLASS = YES_ERROR;
				CLANG_WARN_RANGE_LOOP_ANALYSIS = YES;
				CLANG_WARN_STRICT_PROTOTYPES = YES;
				CLANG_WARN_SUSPICIOUS_MOVE = YES;
				CLANG_WARN_UNGUARDED_AVAILABILITY = YES_AGGRESSIVE;
				CLANG_WARN_UNREACHABLE_CODE = YES;
				CLANG_WARN__DUPLICATE_METHOD_MATCH = YES;
				CODE_SIGN_IDENTITY = "iPhone Developer";
				COPY_PHASE_STRIP = NO;
				DEBUG_INFORMATION_FORMAT = "dwarf-with-dsym";
				ENABLE_NS_ASSERTIONS = NO;
				ENABLE_STRICT_OBJC_MSGSEND = YES;
				GCC_C_LANGUAGE_STANDARD = gnu11;
				GCC_NO_COMMON_BLOCKS = YES;
				GCC_WARN_64_TO_32_BIT_CONVERSION = YES;
				GCC_WARN_ABOUT_RETURN_TYPE = YES_ERROR;
				GCC_WARN_UNDECLARED_SELECTOR = YES;
				GCC_WARN_UNINITIALIZED_AUTOS = YES_AGGRESSIVE;
				GCC_WARN_UNUSED_FUNCTION = YES;
				GCC_WARN_UNUSED_VARIABLE = YES;
				IPHONEOS_DEPLOYMENT_TARGET = 12.1;
				MTL_ENABLE_DEBUG_INFO = NO;
				MTL_FAST_MATH = YES;
				SDKROOT = iphoneos;
				VALIDATE_PRODUCT = YES;
			};
			name = Release;
		};
		4D98B32221D20B9A004AEA8A /* Debug */ = {
			isa = XCBuildConfiguration;
			baseConfigurationReference = 93DF2CCB05E3F1489A730F24 /* Pods-OpenGL-ES-002-GLSL.debug.xcconfig */;
			buildSettings = {
				ASSETCATALOG_COMPILER_APPICON_NAME = AppIcon;
				CODE_SIGN_STYLE = Automatic;
				INFOPLIST_FILE = "OpenGL-ES-002-GLSL/Info.plist";
				IPHONEOS_DEPLOYMENT_TARGET = 10.0;
				LD_RUNPATH_SEARCH_PATHS = (
					"$(inherited)",
					"@executable_path/Frameworks",
				);
				PRODUCT_BUNDLE_IDENTIFIER = "com.jie.OpenGL-ES-002-GLSL";
				PRODUCT_NAME = "$(TARGET_NAME)";
				TARGETED_DEVICE_FAMILY = "1,2";
			};
			name = Debug;
		};
		4D98B32321D20B9A004AEA8A /* Release */ = {
			isa = XCBuildConfiguration;
			baseConfigurationReference = 037CB296F9E36E1F486A97E8 /* Pods-OpenGL-ES-002-GLSL.release.xcconfig */;
			buildSettings = {
				ASSETCATALOG_COMPILER_APPICON_NAME = AppIcon;
				CODE_SIGN_STYLE = Automatic;
				INFOPLIST_FILE = "OpenGL-ES-002-GLSL/Info.plist";
				IPHONEOS_DEPLOYMENT_TARGET = 10.0;
				LD_RUNPATH_SEARCH_PATHS = (
					"$(inherited)",
					"@executable_path/Frameworks",
				);
				PRODUCT_BUNDLE_IDENTIFIER = "com.jie.OpenGL-ES-002-GLSL";
				PRODUCT_NAME = "$(TARGET_NAME)";
				TARGETED_DEVICE_FAMILY = "1,2";
			};
			name = Release;
		};
		4D98B32521D20B9A004AEA8A /* Debug */ = {
			isa = XCBuildConfiguration;
			buildSettings = {
				BUNDLE_LOADER = "$(TEST_HOST)";
				CODE_SIGN_STYLE = Automatic;
				INFOPLIST_FILE = "OpenGL-ES-002-GLSLTests/Info.plist";
				LD_RUNPATH_SEARCH_PATHS = (
					"$(inherited)",
					"@executable_path/Frameworks",
					"@loader_path/Frameworks",
				);
				PRODUCT_BUNDLE_IDENTIFIER = "com.jie.OpenGL-ES-002-GLSLTests";
				PRODUCT_NAME = "$(TARGET_NAME)";
				TARGETED_DEVICE_FAMILY = "1,2";
				TEST_HOST = "$(BUILT_PRODUCTS_DIR)/OpenGL-ES-002-GLSL.app/OpenGL-ES-002-GLSL";
			};
			name = Debug;
		};
		4D98B32621D20B9A004AEA8A /* Release */ = {
			isa = XCBuildConfiguration;
			buildSettings = {
				BUNDLE_LOADER = "$(TEST_HOST)";
				CODE_SIGN_STYLE = Automatic;
				INFOPLIST_FILE = "OpenGL-ES-002-GLSLTests/Info.plist";
				LD_RUNPATH_SEARCH_PATHS = (
					"$(inherited)",
					"@executable_path/Frameworks",
					"@loader_path/Frameworks",
				);
				PRODUCT_BUNDLE_IDENTIFIER = "com.jie.OpenGL-ES-002-GLSLTests";
				PRODUCT_NAME = "$(TARGET_NAME)";
				TARGETED_DEVICE_FAMILY = "1,2";
				TEST_HOST = "$(BUILT_PRODUCTS_DIR)/OpenGL-ES-002-GLSL.app/OpenGL-ES-002-GLSL";
			};
			name = Release;
		};
		4D98B32821D20B9A004AEA8A /* Debug */ = {
			isa = XCBuildConfiguration;
			buildSettings = {
				CODE_SIGN_STYLE = Automatic;
				INFOPLIST_FILE = "OpenGL-ES-002-GLSLUITests/Info.plist";
				LD_RUNPATH_SEARCH_PATHS = (
					"$(inherited)",
					"@executable_path/Frameworks",
					"@loader_path/Frameworks",
				);
				PRODUCT_BUNDLE_IDENTIFIER = "com.jie.OpenGL-ES-002-GLSLUITests";
				PRODUCT_NAME = "$(TARGET_NAME)";
				TARGETED_DEVICE_FAMILY = "1,2";
				TEST_TARGET_NAME = "OpenGL-ES-002-GLSL";
			};
			name = Debug;
		};
		4D98B32921D20B9A004AEA8A /* Release */ = {
			isa = XCBuildConfiguration;
			buildSettings = {
				CODE_SIGN_STYLE = Automatic;
				INFOPLIST_FILE = "OpenGL-ES-002-GLSLUITests/Info.plist";
				LD_RUNPATH_SEARCH_PATHS = (
					"$(inherited)",
					"@executable_path/Frameworks",
					"@loader_path/Frameworks",
				);
				PRODUCT_BUNDLE_IDENTIFIER = "com.jie.OpenGL-ES-002-GLSLUITests";
				PRODUCT_NAME = "$(TARGET_NAME)";
				TARGETED_DEVICE_FAMILY = "1,2";
				TEST_TARGET_NAME = "OpenGL-ES-002-GLSL";
			};
			name = Release;
		};
/* End XCBuildConfiguration section */

/* Begin XCConfigurationList section */
		4D98B2F021D20B98004AEA8A /* Build configuration list for PBXProject "OpenGL-ES-002-GLSL" */ = {
			isa = XCConfigurationList;
			buildConfigurations = (
				4D98B31F21D20B9A004AEA8A /* Debug */,
				4D98B32021D20B9A004AEA8A /* Release */,
			);
			defaultConfigurationIsVisible = 0;
			defaultConfigurationName = Release;
		};
		4D98B32121D20B9A004AEA8A /* Build configuration list for PBXNativeTarget "OpenGL-ES-002-GLSL" */ = {
			isa = XCConfigurationList;
			buildConfigurations = (
				4D98B32221D20B9A004AEA8A /* Debug */,
				4D98B32321D20B9A004AEA8A /* Release */,
			);
			defaultConfigurationIsVisible = 0;
			defaultConfigurationName = Release;
		};
		4D98B32421D20B9A004AEA8A /* Build configuration list for PBXNativeTarget "OpenGL-ES-002-GLSLTests" */ = {
			isa = XCConfigurationList;
			buildConfigurations = (
				4D98B32521D20B9A004AEA8A /* Debug */,
				4D98B32621D20B9A004AEA8A /* Release */,
			);
			defaultConfigurationIsVisible = 0;
			defaultConfigurationName = Release;
		};
		4D98B32721D20B9A004AEA8A /* Build configuration list for PBXNativeTarget "OpenGL-ES-002-GLSLUITests" */ = {
			isa = XCConfigurationList;
			buildConfigurations = (
				4D98B32821D20B9A004AEA8A /* Debug */,
				4D98B32921D20B9A004AEA8A /* Release */,
			);
			defaultConfigurationIsVisible = 0;
			defaultConfigurationName = Release;
		};
/* End XCConfigurationList section */
	};
	rootObject = 4D98B2ED21D20B98004AEA8A /* Project object */;
}
